// !$*UTF8*$!
{
	archiveVersion = 1;
	classes = {
	};
	objectVersion = 56;
	objects = {

/* Begin PBXBuildFile section */
		F7687DA42C0A562A00A89806 /* AppExchangeApp.swift in Sources */ = {isa = PBXBuildFile; fileRef = F7687DA32C0A562A00A89806 /* AppExchangeApp.swift */; };
		F7687DA82C0A562E00A89806 /* Assets.xcassets in Resources */ = {isa = PBXBuildFile; fileRef = F7687DA72C0A562E00A89806 /* Assets.xcassets */; };
		F7687DAB2C0A562E00A89806 /* Preview Assets.xcassets in Resources */ = {isa = PBXBuildFile; fileRef = F7687DAA2C0A562E00A89806 /* Preview Assets.xcassets */; };
		F7687DB52C0A84DC00A89806 /* Rate.swift in Sources */ = {isa = PBXBuildFile; fileRef = F7687DB42C0A84DC00A89806 /* Rate.swift */; };
		F7687DB72C0A861C00A89806 /* CurrencyConverterViewModel.swift in Sources */ = {isa = PBXBuildFile; fileRef = F7687DB62C0A861C00A89806 /* CurrencyConverterViewModel.swift */; };
		F7687DB92C0A884C00A89806 /* CustomTextField.swift in Sources */ = {isa = PBXBuildFile; fileRef = F7687DB82C0A884C00A89806 /* CustomTextField.swift */; };
		F7687DBB2C0A894D00A89806 /* ExchangeRateView.swift in Sources */ = {isa = PBXBuildFile; fileRef = F7687DBA2C0A894D00A89806 /* ExchangeRateView.swift */; };
		F7687DC02C0D2B5300A89806 /* ExchangeRateService.swift in Sources */ = {isa = PBXBuildFile; fileRef = F7687DBF2C0D2B5300A89806 /* ExchangeRateService.swift */; };
/* End PBXBuildFile section */

/* Begin PBXFileReference section */
		F7687DA02C0A562A00A89806 /* AppExchange.app */ = {isa = PBXFileReference; explicitFileType = wrapper.application; includeInIndex = 0; path = AppExchange.app; sourceTree = BUILT_PRODUCTS_DIR; };
		F7687DA32C0A562A00A89806 /* AppExchangeApp.swift */ = {isa = PBXFileReference; lastKnownFileType = sourcecode.swift; path = AppExchangeApp.swift; sourceTree = "<group>"; };
		F7687DA72C0A562E00A89806 /* Assets.xcassets */ = {isa = PBXFileReference; lastKnownFileType = folder.assetcatalog; path = Assets.xcassets; sourceTree = "<group>"; };
		F7687DAA2C0A562E00A89806 /* Preview Assets.xcassets */ = {isa = PBXFileReference; lastKnownFileType = folder.assetcatalog; path = "Preview Assets.xcassets"; sourceTree = "<group>"; };
		F7687DB42C0A84DC00A89806 /* Rate.swift */ = {isa = PBXFileReference; lastKnownFileType = sourcecode.swift; path = Rate.swift; sourceTree = "<group>"; };
		F7687DB62C0A861C00A89806 /* CurrencyConverterViewModel.swift */ = {isa = PBXFileReference; lastKnownFileType = sourcecode.swift; path = CurrencyConverterViewModel.swift; sourceTree = "<group>"; };
		F7687DB82C0A884C00A89806 /* CustomTextField.swift */ = {isa = PBXFileReference; lastKnownFileType = sourcecode.swift; path = CustomTextField.swift; sourceTree = "<group>"; };
		F7687DBA2C0A894D00A89806 /* ExchangeRateView.swift */ = {isa = PBXFileReference; lastKnownFileType = sourcecode.swift; path = ExchangeRateView.swift; sourceTree = "<group>"; };
		F7687DBF2C0D2B5300A89806 /* ExchangeRateService.swift */ = {isa = PBXFileReference; lastKnownFileType = sourcecode.swift; path = ExchangeRateService.swift; sourceTree = "<group>"; };
/* End PBXFileReference section */

/* Begin PBXFrameworksBuildPhase section */
		F7687D9D2C0A562A00A89806 /* Frameworks */ = {
			isa = PBXFrameworksBuildPhase;
			buildActionMask = 2147483647;
			files = (
			);
			runOnlyForDeploymentPostprocessing = 0;
		};
/* End PBXFrameworksBuildPhase section */

/* Begin PBXGroup section */
		F7687D972C0A562A00A89806 = {
			isa = PBXGroup;
			children = (
				F7687DA22C0A562A00A89806 /* AppExchange */,
				F7687DA12C0A562A00A89806 /* Products */,
			);
			sourceTree = "<group>";
		};
		F7687DA12C0A562A00A89806 /* Products */ = {
			isa = PBXGroup;
			children = (
				F7687DA02C0A562A00A89806 /* AppExchange.app */,
			);
			name = Products;
			sourceTree = "<group>";
		};
		F7687DA22C0A562A00A89806 /* AppExchange */ = {
			isa = PBXGroup;
			children = (
				F7687DBE2C0D2B4300A89806 /* Service */,
				F7687DB82C0A884C00A89806 /* CustomTextField.swift */,
				F7687DB32C0A848400A89806 /* ViewModel */,
				F7687DB22C0A847C00A89806 /* View */,
				F7687DB12C0A844C00A89806 /* Model */,
				F7687DA32C0A562A00A89806 /* AppExchangeApp.swift */,
				F7687DA72C0A562E00A89806 /* Assets.xcassets */,
				F7687DA92C0A562E00A89806 /* Preview Content */,
			);
			path = AppExchange;
			sourceTree = "<group>";
		};
		F7687DA92C0A562E00A89806 /* Preview Content */ = {
			isa = PBXGroup;
			children = (
				F7687DAA2C0A562E00A89806 /* Preview Assets.xcassets */,
			);
			path = "Preview Content";
			sourceTree = "<group>";
		};
		F7687DB12C0A844C00A89806 /* Model */ = {
			isa = PBXGroup;
			children = (
				F7687DB42C0A84DC00A89806 /* Rate.swift */,
			);
			path = Model;
			sourceTree = "<group>";
		};
		F7687DB22C0A847C00A89806 /* View */ = {
			isa = PBXGroup;
			children = (
				F7687DBA2C0A894D00A89806 /* ExchangeRateView.swift */,
			);
			path = View;
			sourceTree = "<group>";
		};
		F7687DB32C0A848400A89806 /* ViewModel */ = {
			isa = PBXGroup;
			children = (
				F7687DB62C0A861C00A89806 /* CurrencyConverterViewModel.swift */,
			);
			path = ViewModel;
			sourceTree = "<group>";
		};
		F7687DBE2C0D2B4300A89806 /* Service */ = {
			isa = PBXGroup;
			children = (
				F7687DBF2C0D2B5300A89806 /* ExchangeRateService.swift */,
			);
			path = Service;
			sourceTree = "<group>";
		};
/* End PBXGroup section */

/* Begin PBXNativeTarget section */
		F7687D9F2C0A562A00A89806 /* AppExchange */ = {
			isa = PBXNativeTarget;
			buildConfigurationList = F7687DAE2C0A562E00A89806 /* Build configuration list for PBXNativeTarget "AppExchange" */;
			buildPhases = (
				F7687D9C2C0A562A00A89806 /* Sources */,
				F7687D9D2C0A562A00A89806 /* Frameworks */,
				F7687D9E2C0A562A00A89806 /* Resources */,
			);
			buildRules = (
			);
			dependencies = (
			);
			name = AppExchange;
			productName = AppExchange;
			productReference = F7687DA02C0A562A00A89806 /* AppExchange.app */;
			productType = "com.apple.product-type.application";
		};
/* End PBXNativeTarget section */

/* Begin PBXProject section */
		F7687D982C0A562A00A89806 /* Project object */ = {
			isa = PBXProject;
			attributes = {
				BuildIndependentTargetsInParallel = 1;
				LastSwiftUpdateCheck = 1520;
				LastUpgradeCheck = 1520;
				TargetAttributes = {
					F7687D9F2C0A562A00A89806 = {
						CreatedOnToolsVersion = 15.2;
					};
				};
			};
			buildConfigurationList = F7687D9B2C0A562A00A89806 /* Build configuration list for PBXProject "AppExchange" */;
			compatibilityVersion = "Xcode 14.0";
			developmentRegion = en;
			hasScannedForEncodings = 0;
			knownRegions = (
				en,
				Base,
			);
			mainGroup = F7687D972C0A562A00A89806;
			productRefGroup = F7687DA12C0A562A00A89806 /* Products */;
			projectDirPath = "";
			projectRoot = "";
			targets = (
				F7687D9F2C0A562A00A89806 /* AppExchange */,
			);
		};
/* End PBXProject section */

/* Begin PBXResourcesBuildPhase section */
		F7687D9E2C0A562A00A89806 /* Resources */ = {
			isa = PBXResourcesBuildPhase;
			buildActionMask = 2147483647;
			files = (
				F7687DAB2C0A562E00A89806 /* Preview Assets.xcassets in Resources */,
				F7687DA82C0A562E00A89806 /* Assets.xcassets in Resources */,
			);
			runOnlyForDeploymentPostprocessing = 0;
		};
/* End PBXResourcesBuildPhase section */

/* Begin PBXSourcesBuildPhase section */
		F7687D9C2C0A562A00A89806 /* Sources */ = {
			isa = PBXSourcesBuildPhase;
			buildActionMask = 2147483647;
			files = (
				F7687DB72C0A861C00A89806 /* CurrencyConverterViewModel.swift in Sources */,
				F7687DB52C0A84DC00A89806 /* Rate.swift in Sources */,
				F7687DC02C0D2B5300A89806 /* ExchangeRateService.swift in Sources */,
				F7687DBB2C0A894D00A89806 /* ExchangeRateView.swift in Sources */,
				F7687DA42C0A562A00A89806 /* AppExchangeApp.swift in Sources */,
				F7687DB92C0A884C00A89806 /* CustomTextField.swift in Sources */,
			);
			runOnlyForDeploymentPostprocessing = 0;
		};
/* End PBXSourcesBuildPhase section */

/* Begin XCBuildConfiguration section */
		F7687DAC2C0A562E00A89806 /* Debug */ = {
			isa = XCBuildConfiguration;
			buildSettings = {
				ALWAYS_SEARCH_USER_PATHS = NO;
				ASSETCATALOG_COMPILER_GENERATE_SWIFT_ASSET_SYMBOL_EXTENSIONS = YES;
				CLANG_ANALYZER_NONNULL = YES;
				CLANG_ANALYZER_NUMBER_OBJECT_CONVERSION = YES_AGGRESSIVE;
				CLANG_CXX_LANGUAGE_STANDARD = "gnu++20";
				CLANG_ENABLE_MODULES = YES;
				CLANG_ENABLE_OBJC_ARC = YES;
				CLANG_ENABLE_OBJC_WEAK = YES;
				CLANG_WARN_BLOCK_CAPTURE_AUTORELEASING = YES;
				CLANG_WARN_BOOL_CONVERSION = YES;
				CLANG_WARN_COMMA = YES;
				CLANG_WARN_CONSTANT_CONVERSION = YES;
				CLANG_WARN_DEPRECATED_OBJC_IMPLEMENTATIONS = YES;
				CLANG_WARN_DIRECT_OBJC_ISA_USAGE = YES_ERROR;
				CLANG_WARN_DOCUMENTATION_COMMENTS = YES;
				CLANG_WARN_EMPTY_BODY = YES;
				CLANG_WARN_ENUM_CONVERSION = YES;
				CLANG_WARN_INFINITE_RECURSION = YES;
				CLANG_WARN_INT_CONVERSION = YES;
				CLANG_WARN_NON_LITERAL_NULL_CONVERSION = YES;
				CLANG_WARN_OBJC_IMPLICIT_RETAIN_SELF = YES;
				CLANG_WARN_OBJC_LITERAL_CONVERSION = YES;
				CLANG_WARN_OBJC_ROOT_CLASS = YES_ERROR;
				CLANG_WARN_QUOTED_INCLUDE_IN_FRAMEWORK_HEADER = YES;
				CLANG_WARN_RANGE_LOOP_ANALYSIS = YES;
				CLANG_WARN_STRICT_PROTOTYPES = YES;
				CLANG_WARN_SUSPICIOUS_MOVE = YES;
				CLANG_WARN_UNGUARDED_AVAILABILITY = YES_AGGRESSIVE;
				CLANG_WARN_UNREACHABLE_CODE = YES;
				CLANG_WARN__DUPLICATE_METHOD_MATCH = YES;
				COPY_PHASE_STRIP = NO;
				DEBUG_INFORMATION_FORMAT = dwarf;
				ENABLE_STRICT_OBJC_MSGSEND = YES;
				ENABLE_TESTABILITY = YES;
				ENABLE_USER_SCRIPT_SANDBOXING = YES;
				GCC_C_LANGUAGE_STANDARD = gnu17;
				GCC_DYNAMIC_NO_PIC = NO;
				GCC_NO_COMMON_BLOCKS = YES;
				GCC_OPTIMIZATION_LEVEL = 0;
				GCC_PREPROCESSOR_DEFINITIONS = (
					"DEBUG=1",
					"$(inherited)",
				);
				GCC_WARN_64_TO_32_BIT_CONVERSION = YES;
				GCC_WARN_ABOUT_RETURN_TYPE = YES_ERROR;
				GCC_WARN_UNDECLARED_SELECTOR = YES;
				GCC_WARN_UNINITIALIZED_AUTOS = YES_AGGRESSIVE;
				GCC_WARN_UNUSED_FUNCTION = YES;
				GCC_WARN_UNUSED_VARIABLE = YES;
				IPHONEOS_DEPLOYMENT_TARGET = 17.2;
				LOCALIZATION_PREFERS_STRING_CATALOGS = YES;
				MTL_ENABLE_DEBUG_INFO = INCLUDE_SOURCE;
				MTL_FAST_MATH = YES;
				ONLY_ACTIVE_ARCH = YES;
				SDKROOT = iphoneos;
				SWIFT_ACTIVE_COMPILATION_CONDITIONS = "DEBUG $(inherited)";
				SWIFT_OPTIMIZATION_LEVEL = "-Onone";
			};
			name = Debug;
		};
		F7687DAD2C0A562E00A89806 /* Release */ = {
			isa = XCBuildConfiguration;
			buildSettings = {
				ALWAYS_SEARCH_USER_PATHS = NO;
				ASSETCATALOG_COMPILER_GENERATE_SWIFT_ASSET_SYMBOL_EXTENSIONS = YES;
				CLANG_ANALYZER_NONNULL = YES;
				CLANG_ANALYZER_NUMBER_OBJECT_CONVERSION = YES_AGGRESSIVE;
				CLANG_CXX_LANGUAGE_STANDARD = "gnu++20";
				CLANG_ENABLE_MODULES = YES;
				CLANG_ENABLE_OBJC_ARC = YES;
				CLANG_ENABLE_OBJC_WEAK = YES;
				CLANG_WARN_BLOCK_CAPTURE_AUTORELEASING = YES;
				CLANG_WARN_BOOL_CONVERSION = YES;
				CLANG_WARN_COMMA = YES;
				CLANG_WARN_CONSTANT_CONVERSION = YES;
				CLANG_WARN_DEPRECATED_OBJC_IMPLEMENTATIONS = YES;
				CLANG_WARN_DIRECT_OBJC_ISA_USAGE = YES_ERROR;
				CLANG_WARN_DOCUMENTATION_COMMENTS = YES;
				CLANG_WARN_EMPTY_BODY = YES;
				CLANG_WARN_ENUM_CONVERSION = YES;
				CLANG_WARN_INFINITE_RECURSION = YES;
				CLANG_WARN_INT_CONVERSION = YES;
				CLANG_WARN_NON_LITERAL_NULL_CONVERSION = YES;
				CLANG_WARN_OBJC_IMPLICIT_RETAIN_SELF = YES;
				CLANG_WARN_OBJC_LITERAL_CONVERSION = YES;
				CLANG_WARN_OBJC_ROOT_CLASS = YES_ERROR;
				CLANG_WARN_QUOTED_INCLUDE_IN_FRAMEWORK_HEADER = YES;
				CLANG_WARN_RANGE_LOOP_ANALYSIS = YES;
				CLANG_WARN_STRICT_PROTOTYPES = YES;
				CLANG_WARN_SUSPICIOUS_MOVE = YES;
				CLANG_WARN_UNGUARDED_AVAILABILITY = YES_AGGRESSIVE;
				CLANG_WARN_UNREACHABLE_CODE = YES;
				CLANG_WARN__DUPLICATE_METHOD_MATCH = YES;
				COPY_PHASE_STRIP = NO;
				DEBUG_INFORMATION_FORMAT = "dwarf-with-dsym";
				ENABLE_NS_ASSERTIONS = NO;
				ENABLE_STRICT_OBJC_MSGSEND = YES;
				ENABLE_USER_SCRIPT_SANDBOXING = YES;
				GCC_C_LANGUAGE_STANDARD = gnu17;
				GCC_NO_COMMON_BLOCKS = YES;
				GCC_WARN_64_TO_32_BIT_CONVERSION = YES;
				GCC_WARN_ABOUT_RETURN_TYPE = YES_ERROR;
				GCC_WARN_UNDECLARED_SELECTOR = YES;
				GCC_WARN_UNINITIALIZED_AUTOS = YES_AGGRESSIVE;
				GCC_WARN_UNUSED_FUNCTION = YES;
				GCC_WARN_UNUSED_VARIABLE = YES;
				IPHONEOS_DEPLOYMENT_TARGET = 17.2;
				LOCALIZATION_PREFERS_STRING_CATALOGS = YES;
				MTL_ENABLE_DEBUG_INFO = NO;
				MTL_FAST_MATH = YES;
				SDKROOT = iphoneos;
				SWIFT_COMPILATION_MODE = wholemodule;
				VALIDATE_PRODUCT = YES;
			};
			name = Release;
		};
		F7687DAF2C0A562E00A89806 /* Debug */ = {
			isa = XCBuildConfiguration;
			buildSettings = {
				ASSETCATALOG_COMPILER_APPICON_NAME = AppIcon;
				ASSETCATALOG_COMPILER_GLOBAL_ACCENT_COLOR_NAME = AccentColor;
				CODE_SIGN_STYLE = Automatic;
				CURRENT_PROJECT_VERSION = 1;
				DEVELOPMENT_ASSET_PATHS = "\"AppExchange/Preview Content\"";
				DEVELOPMENT_TEAM = NXY2G8NXJS;
				ENABLE_PREVIEWS = YES;
				GENERATE_INFOPLIST_FILE = YES;
				INFOPLIST_KEY_UIApplicationSceneManifest_Generation = YES;
				INFOPLIST_KEY_UIApplicationSupportsIndirectInputEvents = YES;
				INFOPLIST_KEY_UILaunchScreen_Generation = YES;
				INFOPLIST_KEY_UISupportedInterfaceOrientations_iPad = "UIInterfaceOrientationPortrait UIInterfaceOrientationPortraitUpsideDown UIInterfaceOrientationLandscapeLeft UIInterfaceOrientationLandscapeRight";
				INFOPLIST_KEY_UISupportedInterfaceOrientations_iPhone = "UIInterfaceOrientationPortrait UIInterfaceOrientationLandscapeLeft UIInterfaceOrientationLandscapeRight";
				LD_RUNPATH_SEARCH_PATHS = (
					"$(inherited)",
					"@executable_path/Frameworks",
				);
				MARKETING_VERSION = 1.0;
				PRODUCT_BUNDLE_IDENTIFIER = raul.com.notes.AppExchange;
				PRODUCT_NAME = "$(TARGET_NAME)";
				SWIFT_EMIT_LOC_STRINGS = YES;
				SWIFT_VERSION = 5.0;
				TARGETED_DEVICE_FAMILY = "1,2";
			};
			name = Debug;
		};
		F7687DB02C0A562E00A89806 /* Release */ = {
			isa = XCBuildConfiguration;
			buildSettings = {
				ASSETCATALOG_COMPILER_APPICON_NAME = AppIcon;
				ASSETCATALOG_COMPILER_GLOBAL_ACCENT_COLOR_NAME = AccentColor;
				CODE_SIGN_STYLE = Automatic;
				CURRENT_PROJECT_VERSION = 1;
				DEVELOPMENT_ASSET_PATHS = "\"AppExchange/Preview Content\"";
				DEVELOPMENT_TEAM = NXY2G8NXJS;
				ENABLE_PREVIEWS = YES;
				GENERATE_INFOPLIST_FILE = YES;
				INFOPLIST_KEY_UIApplicationSceneManifest_Generation = YES;
				INFOPLIST_KEY_UIApplicationSupportsIndirectInputEvents = YES;
				INFOPLIST_KEY_UILaunchScreen_Generation = YES;
				INFOPLIST_KEY_UISupportedInterfaceOrientations_iPad = "UIInterfaceOrientationPortrait UIInterfaceOrientationPortraitUpsideDown UIInterfaceOrientationLandscapeLeft UIInterfaceOrientationLandscapeRight";
				INFOPLIST_KEY_UISupportedInterfaceOrientations_iPhone = "UIInterfaceOrientationPortrait UIInterfaceOrientationLandscapeLeft UIInterfaceOrientationLandscapeRight";
				LD_RUNPATH_SEARCH_PATHS = (
					"$(inherited)",
					"@executable_path/Frameworks",
				);
				MARKETING_VERSION = 1.0;
				PRODUCT_BUNDLE_IDENTIFIER = raul.com.notes.AppExchange;
				PRODUCT_NAME = "$(TARGET_NAME)";
				SWIFT_EMIT_LOC_STRINGS = YES;
				SWIFT_VERSION = 5.0;
				TARGETED_DEVICE_FAMILY = "1,2";
			};
			name = Release;
		};
/* End XCBuildConfiguration section */

/* Begin XCConfigurationList section */
		F7687D9B2C0A562A00A89806 /* Build configuration list for PBXProject "AppExchange" */ = {
			isa = XCConfigurationList;
			buildConfigurations = (
				F7687DAC2C0A562E00A89806 /* Debug */,
				F7687DAD2C0A562E00A89806 /* Release */,
			);
			defaultConfigurationIsVisible = 0;
			defaultConfigurationName = Release;
		};
		F7687DAE2C0A562E00A89806 /* Build configuration list for PBXNativeTarget "AppExchange" */ = {
			isa = XCConfigurationList;
			buildConfigurations = (
				F7687DAF2C0A562E00A89806 /* Debug */,
				F7687DB02C0A562E00A89806 /* Release */,
			);
			defaultConfigurationIsVisible = 0;
			defaultConfigurationName = Release;
		};
/* End XCConfigurationList section */
	};
	rootObject = F7687D982C0A562A00A89806 /* Project object */;
}
